
Microsoft Visual Studio Solution File, Format Version 12.00
# Visual Studio Version 18
VisualStudioVersion = 18.0.11104.47
MinimumVisualStudioVersion = 10.0.40219.1
Project("{2150E333-8FDC-42A3-9474-1A3956D46DE8}") = "src", "src", "{827E0CD3-B72D-47B6-A68D-7590B98EB39B}"
EndProject
Project("{FAE04EC0-301F-11D3-BF4B-00C04F79EFBC}") = "IrcChat.Api", "src\IrcChat.Api\IrcChat.Api.csproj", "{D2A93D83-3AD2-4FC4-993B-D64C65BBD01F}"
EndProject
Project("{FAE04EC0-301F-11D3-BF4B-00C04F79EFBC}") = "IrcChat.Client", "src\IrcChat.Client\IrcChat.Client.csproj", "{0D853D15-B0E8-4E74-B699-4C91E7B2A3C0}"
EndProject
Project("{FAE04EC0-301F-11D3-BF4B-00C04F79EFBC}") = "IrcChat.Shared", "src\IrcChat.Shared\IrcChat.Shared.csproj", "{03BB476B-8569-4EC1-BE7A-D31FD6252A09}"
EndProject
Global
	GlobalSection(SolutionConfigurationPlatforms) = preSolution
		Debug|Any CPU = Debug|Any CPU
		Debug|x64 = Debug|x64
		Debug|x86 = Debug|x86
		Release|Any CPU = Release|Any CPU
		Release|x64 = Release|x64
		Release|x86 = Release|x86
	EndGlobalSection
	GlobalSection(ProjectConfigurationPlatforms) = postSolution
		{D2A93D83-3AD2-4FC4-993B-D64C65BBD01F}.Debug|Any CPU.ActiveCfg = Debug|Any CPU
		{D2A93D83-3AD2-4FC4-993B-D64C65BBD01F}.Debug|Any CPU.Build.0 = Debug|Any CPU
		{D2A93D83-3AD2-4FC4-993B-D64C65BBD01F}.Debug|x64.ActiveCfg = Debug|Any CPU
		{D2A93D83-3AD2-4FC4-993B-D64C65BBD01F}.Debug|x64.Build.0 = Debug|Any CPU
		{D2A93D83-3AD2-4FC4-993B-D64C65BBD01F}.Debug|x86.ActiveCfg = Debug|Any CPU
		{D2A93D83-3AD2-4FC4-993B-D64C65BBD01F}.Debug|x86.Build.0 = Debug|Any CPU
		{D2A93D83-3AD2-4FC4-993B-D64C65BBD01F}.Release|Any CPU.ActiveCfg = Release|Any CPU
		{D2A93D83-3AD2-4FC4-993B-D64C65BBD01F}.Release|Any CPU.Build.0 = Release|Any CPU
		{D2A93D83-3AD2-4FC4-993B-D64C65BBD01F}.Release|x64.ActiveCfg = Release|Any CPU
		{D2A93D83-3AD2-4FC4-993B-D64C65BBD01F}.Release|x64.Build.0 = Release|Any CPU
		{D2A93D83-3AD2-4FC4-993B-D64C65BBD01F}.Release|x86.ActiveCfg = Release|Any CPU
		{D2A93D83-3AD2-4FC4-993B-D64C65BBD01F}.Release|x86.Build.0 = Release|Any CPU
		{0D853D15-B0E8-4E74-B699-4C91E7B2A3C0}.Debug|Any CPU.ActiveCfg = Debug|Any CPU
		{0D853D15-B0E8-4E74-B699-4C91E7B2A3C0}.Debug|Any CPU.Build.0 = Debug|Any CPU
		{0D853D15-B0E8-4E74-B699-4C91E7B2A3C0}.Debug|x64.ActiveCfg = Debug|Any CPU
		{0D853D15-B0E8-4E74-B699-4C91E7B2A3C0}.Debug|x64.Build.0 = Debug|Any CPU
		{0D853D15-B0E8-4E74-B699-4C91E7B2A3C0}.Debug|x86.ActiveCfg = Debug|Any CPU
		{0D853D15-B0E8-4E74-B699-4C91E7B2A3C0}.Debug|x86.Build.0 = Debug|Any CPU
		{0D853D15-B0E8-4E74-B699-4C91E7B2A3C0}.Release|Any CPU.ActiveCfg = Release|Any CPU
		{0D853D15-B0E8-4E74-B699-4C91E7B2A3C0}.Release|Any CPU.Build.0 = Release|Any CPU
		{0D853D15-B0E8-4E74-B699-4C91E7B2A3C0}.Release|x64.ActiveCfg = Release|Any CPU
		{0D853D15-B0E8-4E74-B699-4C91E7B2A3C0}.Release|x64.Build.0 = Release|Any CPU
		{0D853D15-B0E8-4E74-B699-4C91E7B2A3C0}.Release|x86.ActiveCfg = Release|Any CPU
		{0D853D15-B0E8-4E74-B699-4C91E7B2A3C0}.Release|x86.Build.0 = Release|Any CPU
		{03BB476B-8569-4EC1-BE7A-D31FD6252A09}.Debug|Any CPU.ActiveCfg = Debug|Any CPU
		{03BB476B-8569-4EC1-BE7A-D31FD6252A09}.Debug|Any CPU.Build.0 = Debug|Any CPU
		{03BB476B-8569-4EC1-BE7A-D31FD6252A09}.Debug|x64.ActiveCfg = Debug|Any CPU
		{03BB476B-8569-4EC1-BE7A-D31FD6252A09}.Debug|x64.Build.0 = Debug|Any CPU
		{03BB476B-8569-4EC1-BE7A-D31FD6252A09}.Debug|x86.ActiveCfg = Debug|Any CPU
		{03BB476B-8569-4EC1-BE7A-D31FD6252A09}.Debug|x86.Build.0 = Debug|Any CPU
		{03BB476B-8569-4EC1-BE7A-D31FD6252A09}.Release|Any CPU.ActiveCfg = Release|Any CPU
		{03BB476B-8569-4EC1-BE7A-D31FD6252A09}.Release|Any CPU.Build.0 = Release|Any CPU
		{03BB476B-8569-4EC1-BE7A-D31FD6252A09}.Release|x64.ActiveCfg = Release|Any CPU
		{03BB476B-8569-4EC1-BE7A-D31FD6252A09}.Release|x64.Build.0 = Release|Any CPU
		{03BB476B-8569-4EC1-BE7A-D31FD6252A09}.Release|x86.ActiveCfg = Release|Any CPU
		{03BB476B-8569-4EC1-BE7A-D31FD6252A09}.Release|x86.Build.0 = Release|Any CPU
	EndGlobalSection
	GlobalSection(SolutionProperties) = preSolution
		HideSolutionNode = FALSE
	EndGlobalSection
	GlobalSection(NestedProjects) = preSolution
		{D2A93D83-3AD2-4FC4-993B-D64C65BBD01F} = {827E0CD3-B72D-47B6-A68D-7590B98EB39B}
		{0D853D15-B0E8-4E74-B699-4C91E7B2A3C0} = {827E0CD3-B72D-47B6-A68D-7590B98EB39B}
		{03BB476B-8569-4EC1-BE7A-D31FD6252A09} = {827E0CD3-B72D-47B6-A68D-7590B98EB39B}
	EndGlobalSection
	GlobalSection(ExtensibilityGlobals) = postSolution
		SolutionGuid = {6177A4A9-C33A-4467-BA67-63BFACEB32AD}
	EndGlobalSection
EndGlobal
